{
  "name": "notification_engine",
  "lockfileVersion": 2,
  "requires": true,
  "packages": {
    "": {
      "dependencies": {
        "rework": "^1.0.1",
        "rework-class-prefix": "^1.0.1"
      }
    },
    "node_modules/atob": {
      "version": "2.1.2",
      "resolved": "https://registry.npmjs.org/atob/-/atob-2.1.2.tgz",
      "integrity": "sha512-Wm6ukoaOGJi/73p/cl2GvLjTI5JM1k/O14isD73YML8StrH/7/lRFgmg8nICZgD3bZZvjwCGxtMOD3wWNAu8cg==",
      "bin": {
        "atob": "bin/atob.js"
      },
      "engines": {
        "node": ">= 4.5.0"
      }
    },
    "node_modules/convert-source-map": {
      "version": "0.3.5",
      "resolved": "https://registry.npmjs.org/convert-source-map/-/convert-source-map-0.3.5.tgz",
      "integrity": "sha512-+4nRk0k3oEpwUB7/CalD7xE2z4VmtEnnq0GO2IPTkrooTrAhEsWvuLF5iWP1dXrwluki/azwXV1ve7gtYuPldg=="
    },
    "node_modules/css": {
      "version": "2.2.4",
      "resolved": "https://registry.npmjs.org/css/-/css-2.2.4.tgz",
      "integrity": "sha512-oUnjmWpy0niI3x/mPL8dVEI1l7MnG3+HHyRPHf+YFSbK+svOhXpmSOcDURUh2aOCgl2grzrOPt1nHLuCVFULLw==",
      "dependencies": {
        "inherits": "^2.0.3",
        "source-map": "^0.6.1",
        "source-map-resolve": "^0.5.2",
        "urix": "^0.1.0"
      }
    },
    "node_modules/decode-uri-component": {
      "version": "0.2.0",
      "resolved": "https://registry.npmjs.org/decode-uri-component/-/decode-uri-component-0.2.0.tgz",
      "integrity": "sha512-hjf+xovcEn31w/EUYdTXQh/8smFL/dzYjohQGEIgjyNavaJfBY2p5F527Bo1VPATxv0VYTUC2bOcXvqFwk78Og==",
      "engines": {
        "node": ">=0.10"
      }
    },
    "node_modules/has-class-selector": {
      "version": "0.0.1",
      "resolved": "https://registry.npmjs.org/has-class-selector/-/has-class-selector-0.0.1.tgz",
      "integrity": "sha512-+3gZ3QxyT1PcqAOHxVSC4kVyjSO0LGQ5K93mo4GuDqnkZWjMhWmp5DxL+kjYBnuJh4r9ih0TgsE5riomwO4/jA=="
    },
    "node_modules/inherits": {
      "version": "2.0.4",
      "resolved": "https://registry.npmjs.org/inherits/-/inherits-2.0.4.tgz",
      "integrity": "sha512-k/vGaX4/Yla3WzyMCvTQOXYeIHvqOKtnqBduzTHpzpQZzAskKMhZ2K+EnBiSM9zGSoIFeMpXKxa4dYeZIQqewQ=="
    },
    "node_modules/is-blank": {
      "version": "0.0.1",
      "resolved": "https://registry.npmjs.org/is-blank/-/is-blank-0.0.1.tgz",
      "integrity": "sha512-K7iMNzB0bvbU9c3yyyTsObqlwiwNewGWMvzZFeE4B7zC2xkdakb4bC5QJ+byqbsyZfqVF9iSnOpdJVS8Glmyxg==",
      "dependencies": {
        "is-empty": "0.0.1",
        "is-whitespace": "^0.2.0"
      }
    },
    "node_modules/is-empty": {
      "version": "0.0.1",
      "resolved": "https://registry.npmjs.org/is-empty/-/is-empty-0.0.1.tgz",
      "integrity": "sha512-jYWXLEBmq8udg0gP7mw8tmyd9Yahzzp3kfLdcXj7ydkeVxjQkQ82U/Fx1sJRUMfkpO6vDGjWfke1tK8XYv+T5Q=="
    },
    "node_modules/is-present": {
      "version": "0.0.1",
      "resolved": "https://registry.npmjs.org/is-present/-/is-present-0.0.1.tgz",
      "integrity": "sha512-rdURkMDKuNLENasYlnIitDAqTzxLpqEf4kkvbcEjH50x7loS5HngeUadCD7Few+//F+577/YyZduorbLrWptrA==",
      "dependencies": {
        "is-blank": "0.0.1"
      }
    },
    "node_modules/is-whitespace": {
      "version": "0.2.0",
      "resolved": "https://registry.npmjs.org/is-whitespace/-/is-whitespace-0.2.0.tgz",
      "integrity": "sha512-VN+Xn3YZSSRo1IQ1teSDqjFcrQgtWqZedU9v3GPJPIp1rs3al1LXnN3PSF0KiTqMI/y24qfQxigcXK/aILU1qw==",
      "engines": {
        "node": ">=0.10.0"
      }
    },
    "node_modules/resolve-url": {
      "version": "0.2.1",
      "resolved": "https://registry.npmjs.org/resolve-url/-/resolve-url-0.2.1.tgz",
      "integrity": "sha512-ZuF55hVUQaaczgOIwqWzkEcEidmlD/xl44x1UZnhOXcYuFN2S6+rcxpG+C1N3So0wvNI3DmJICUFfu2SxhBmvg==",
      "deprecated": "https://github.com/lydell/resolve-url#deprecated"
    },
    "node_modules/rework": {
      "version": "1.0.1",
      "resolved": "https://registry.npmjs.org/rework/-/rework-1.0.1.tgz",
      "integrity": "sha512-eEjL8FdkdsxApd0yWVZgBGzfCQiT8yqSc2H1p4jpZpQdtz7ohETiDMoje5PlM8I9WgkqkreVxFUKYOiJdVWDXw==",
      "dependencies": {
        "convert-source-map": "^0.3.3",
        "css": "^2.0.0"
      }
    },
    "node_modules/rework-class-prefix": {
      "version": "1.0.1",
      "resolved": "https://registry.npmjs.org/rework-class-prefix/-/rework-class-prefix-1.0.1.tgz",
      "integrity": "sha512-DA6yZ27KlPV0tnrXTFL9NEQ2ZQ4qybi2Mm8YGOjnCwzUcsPr+S7/h0f6WOgOYuvNU6Xi22BxbpJKVK/1A7PXJw==",
      "dependencies": {
        "has-class-selector": "0.0.1",
        "is-present": "0.0.1",
        "rework": "^1.0.1"
      }
    },
    "node_modules/source-map": {
      "version": "0.6.1",
      "resolved": "https://registry.npmjs.org/source-map/-/source-map-0.6.1.tgz",
      "integrity": "sha512-UjgapumWlbMhkBgzT7Ykc5YXUT46F0iKu8SGXq0bcwP5dz/h0Plj6enJqjz1Zbq2l5WaqYnrVbwWOWMyF3F47g==",
      "engines": {
        "node": ">=0.10.0"
      }
    },
    "node_modules/source-map-resolve": {
      "version": "0.5.3",
      "resolved": "https://registry.npmjs.org/source-map-resolve/-/source-map-resolve-0.5.3.tgz",
      "integrity": "sha512-Htz+RnsXWk5+P2slx5Jh3Q66vhQj1Cllm0zvnaY98+NFx+Dv2CF/f5O/t8x+KaNdrdIAsruNzoh/KpialbqAnw==",
      "deprecated": "See https://github.com/lydell/source-map-resolve#deprecated",
      "dependencies": {
        "atob": "^2.1.2",
        "decode-uri-component": "^0.2.0",
        "resolve-url": "^0.2.1",
        "source-map-url": "^0.4.0",
        "urix": "^0.1.0"
      }
    },
    "node_modules/source-map-url": {
      "version": "0.4.1",
      "resolved": "https://registry.npmjs.org/source-map-url/-/source-map-url-0.4.1.tgz",
      "integrity": "sha512-cPiFOTLUKvJFIg4SKVScy4ilPPW6rFgMgfuZJPNoDuMs3nC1HbMUycBoJw77xFIp6z1UJQJOfx6C9GMH80DiTw==",
      "deprecated": "See https://github.com/lydell/source-map-url#deprecated"
    },
    "node_modules/urix": {
      "version": "0.1.0",
      "resolved": "https://registry.npmjs.org/urix/-/urix-0.1.0.tgz",
      "integrity": "sha512-Am1ousAhSLBeB9cG/7k7r2R0zj50uDRlZHPGbazid5s9rlF1F/QKYObEKSIunSjIOkJZqwRRLpvewjEkM7pSqg==",
      "deprecated": "Please see https://github.com/lydell/urix#deprecated"
    }
  },
  "dependencies": {
    "atob": {
      "version": "2.1.2",
      "resolved": "https://registry.npmjs.org/atob/-/atob-2.1.2.tgz",
      "integrity": "sha512-Wm6ukoaOGJi/73p/cl2GvLjTI5JM1k/O14isD73YML8StrH/7/lRFgmg8nICZgD3bZZvjwCGxtMOD3wWNAu8cg=="
    },
    "convert-source-map": {
      "version": "0.3.5",
      "resolved": "https://registry.npmjs.org/convert-source-map/-/convert-source-map-0.3.5.tgz",
      "integrity": "sha512-+4nRk0k3oEpwUB7/CalD7xE2z4VmtEnnq0GO2IPTkrooTrAhEsWvuLF5iWP1dXrwluki/azwXV1ve7gtYuPldg=="
    },
    "css": {
      "version": "2.2.4",
      "resolved": "https://registry.npmjs.org/css/-/css-2.2.4.tgz",
      "integrity": "sha512-oUnjmWpy0niI3x/mPL8dVEI1l7MnG3+HHyRPHf+YFSbK+svOhXpmSOcDURUh2aOCgl2grzrOPt1nHLuCVFULLw==",
      "requires": {
        "inherits": "^2.0.3",
        "source-map": "^0.6.1",
        "source-map-resolve": "^0.5.2",
        "urix": "^0.1.0"
      }
    },
    "decode-uri-component": {
      "version": "0.2.0",
      "resolved": "https://registry.npmjs.org/decode-uri-component/-/decode-uri-component-0.2.0.tgz",
      "integrity": "sha512-hjf+xovcEn31w/EUYdTXQh/8smFL/dzYjohQGEIgjyNavaJfBY2p5F527Bo1VPATxv0VYTUC2bOcXvqFwk78Og=="
    },
    "has-class-selector": {
      "version": "0.0.1",
      "resolved": "https://registry.npmjs.org/has-class-selector/-/has-class-selector-0.0.1.tgz",
      "integrity": "sha512-+3gZ3QxyT1PcqAOHxVSC4kVyjSO0LGQ5K93mo4GuDqnkZWjMhWmp5DxL+kjYBnuJh4r9ih0TgsE5riomwO4/jA=="
    },
    "inherits": {
      "version": "2.0.4",
      "resolved": "https://registry.npmjs.org/inherits/-/inherits-2.0.4.tgz",
      "integrity": "sha512-k/vGaX4/Yla3WzyMCvTQOXYeIHvqOKtnqBduzTHpzpQZzAskKMhZ2K+EnBiSM9zGSoIFeMpXKxa4dYeZIQqewQ=="
    },
    "is-blank": {
      "version": "0.0.1",
      "resolved": "https://registry.npmjs.org/is-blank/-/is-blank-0.0.1.tgz",
      "integrity": "sha512-K7iMNzB0bvbU9c3yyyTsObqlwiwNewGWMvzZFeE4B7zC2xkdakb4bC5QJ+byqbsyZfqVF9iSnOpdJVS8Glmyxg==",
      "requires": {
        "is-empty": "0.0.1",
        "is-whitespace": "^0.2.0"
      }
    },
    "is-empty": {
      "version": "0.0.1",
      "resolved": "https://registry.npmjs.org/is-empty/-/is-empty-0.0.1.tgz",
      "integrity": "sha512-jYWXLEBmq8udg0gP7mw8tmyd9Yahzzp3kfLdcXj7ydkeVxjQkQ82U/Fx1sJRUMfkpO6vDGjWfke1tK8XYv+T5Q=="
    },
    "is-present": {
      "version": "0.0.1",
      "resolved": "https://registry.npmjs.org/is-present/-/is-present-0.0.1.tgz",
      "integrity": "sha512-rdURkMDKuNLENasYlnIitDAqTzxLpqEf4kkvbcEjH50x7loS5HngeUadCD7Few+//F+577/YyZduorbLrWptrA==",
      "requires": {
        "is-blank": "0.0.1"
      }
    },
    "is-whitespace": {
      "version": "0.2.0",
      "resolved": "https://registry.npmjs.org/is-whitespace/-/is-whitespace-0.2.0.tgz",
      "integrity": "sha512-VN+Xn3YZSSRo1IQ1teSDqjFcrQgtWqZedU9v3GPJPIp1rs3al1LXnN3PSF0KiTqMI/y24qfQxigcXK/aILU1qw=="
    },
    "resolve-url": {
      "version": "0.2.1",
      "resolved": "https://registry.npmjs.org/resolve-url/-/resolve-url-0.2.1.tgz",
      "integrity": "sha512-ZuF55hVUQaaczgOIwqWzkEcEidmlD/xl44x1UZnhOXcYuFN2S6+rcxpG+C1N3So0wvNI3DmJICUFfu2SxhBmvg=="
    },
    "rework": {
      "version": "1.0.1",
      "resolved": "https://registry.npmjs.org/rework/-/rework-1.0.1.tgz",
      "integrity": "sha512-eEjL8FdkdsxApd0yWVZgBGzfCQiT8yqSc2H1p4jpZpQdtz7ohETiDMoje5PlM8I9WgkqkreVxFUKYOiJdVWDXw==",
      "requires": {
        "convert-source-map": "^0.3.3",
        "css": "^2.0.0"
      }
    },
    "rework-class-prefix": {
      "version": "1.0.1",
      "resolved": "https://registry.npmjs.org/rework-class-prefix/-/rework-class-prefix-1.0.1.tgz",
      "integrity": "sha512-DA6yZ27KlPV0tnrXTFL9NEQ2ZQ4qybi2Mm8YGOjnCwzUcsPr+S7/h0f6WOgOYuvNU6Xi22BxbpJKVK/1A7PXJw==",
      "requires": {
        "has-class-selector": "0.0.1",
        "is-present": "0.0.1",
        "rework": "^1.0.1"
      }
    },
    "source-map": {
      "version": "0.6.1",
      "resolved": "https://registry.npmjs.org/source-map/-/source-map-0.6.1.tgz",
      "integrity": "sha512-UjgapumWlbMhkBgzT7Ykc5YXUT46F0iKu8SGXq0bcwP5dz/h0Plj6enJqjz1Zbq2l5WaqYnrVbwWOWMyF3F47g=="
    },
    "source-map-resolve": {
      "version": "0.5.3",
      "resolved": "https://registry.npmjs.org/source-map-resolve/-/source-map-resolve-0.5.3.tgz",
      "integrity": "sha512-Htz+RnsXWk5+P2slx5Jh3Q66vhQj1Cllm0zvnaY98+NFx+Dv2CF/f5O/t8x+KaNdrdIAsruNzoh/KpialbqAnw==",
      "requires": {
        "atob": "^2.1.2",
        "decode-uri-component": "^0.2.0",
        "resolve-url": "^0.2.1",
        "source-map-url": "^0.4.0",
        "urix": "^0.1.0"
      }
    },
    "source-map-url": {
      "version": "0.4.1",
      "resolved": "https://registry.npmjs.org/source-map-url/-/source-map-url-0.4.1.tgz",
      "integrity": "sha512-cPiFOTLUKvJFIg4SKVScy4ilPPW6rFgMgfuZJPNoDuMs3nC1HbMUycBoJw77xFIp6z1UJQJOfx6C9GMH80DiTw=="
    },
    "urix": {
      "version": "0.1.0",
      "resolved": "https://registry.npmjs.org/urix/-/urix-0.1.0.tgz",
      "integrity": "sha512-Am1ousAhSLBeB9cG/7k7r2R0zj50uDRlZHPGbazid5s9rlF1F/QKYObEKSIunSjIOkJZqwRRLpvewjEkM7pSqg=="
    }
  }
}
